// !$*UTF8*$!
{
	archiveVersion = 1;
	classes = {
	};
	objectVersion = 46;
	objects = {

/* Begin PBXBuildFile section */
		4725FB421AD3245600C7BCEC /* Sparkle.framework in Frameworks */ = {isa = PBXBuildFile; fileRef = 4725FB401AD3243E00C7BCEC /* Sparkle.framework */; };
		4725FB431AD3245600C7BCEC /* Sparkle.framework in Embed Frameworks */ = {isa = PBXBuildFile; fileRef = 4725FB401AD3243E00C7BCEC /* Sparkle.framework */; settings = {ATTRIBUTES = (CodeSignOnCopy, RemoveHeadersOnCopy, ); }; };
		4725FB451AD328B700C7BCEC /* dsa_pub.pem in Resources */ = {isa = PBXBuildFile; fileRef = 4725FB441AD328B700C7BCEC /* dsa_pub.pem */; };
		47493F081AC446FF0054A819 /* LatestPopoverController.swift in Sources */ = {isa = PBXBuildFile; fileRef = 47493F071AC446FF0054A819 /* LatestPopoverController.swift */; };
		47493F0A1AC447200054A819 /* LatestPopover.xib in Resources */ = {isa = PBXBuildFile; fileRef = 47493F091AC447200054A819 /* LatestPopover.xib */; };
		479B6F691AC437400061AA4F /* AboutWindowController.swift in Sources */ = {isa = PBXBuildFile; fileRef = 479B6F671AC437400061AA4F /* AboutWindowController.swift */; };
		479B6F6A1AC437400061AA4F /* AboutWindow.xib in Resources */ = {isa = PBXBuildFile; fileRef = 479B6F681AC437400061AA4F /* AboutWindow.xib */; };
		47B732411AF6968E00EAA3F6 /* SwiftyJSON.swift in Sources */ = {isa = PBXBuildFile; fileRef = 47B732401AF6968E00EAA3F6 /* SwiftyJSON.swift */; };
		47CF53381AC1F54E0025577C /* AppDelegate.swift in Sources */ = {isa = PBXBuildFile; fileRef = 47CF53371AC1F54E0025577C /* AppDelegate.swift */; };
		47CF533D1AC1F54E0025577C /* MainMenu.xib in Resources */ = {isa = PBXBuildFile; fileRef = 47CF533B1AC1F54E0025577C /* MainMenu.xib */; };
		47CF53491AC1F54E0025577C /* WallpiperTests.swift in Sources */ = {isa = PBXBuildFile; fileRef = 47CF53481AC1F54E0025577C /* WallpiperTests.swift */; };
		47CF53531AC1F6050025577C /* StatusItemDelegate.swift in Sources */ = {isa = PBXBuildFile; fileRef = 47CF53521AC1F6050025577C /* StatusItemDelegate.swift */; };
		47CF53551AC1F9060025577C /* Globals.swift in Sources */ = {isa = PBXBuildFile; fileRef = 47CF53541AC1F9060025577C /* Globals.swift */; };
		47CF53571AC1FAE60025577C /* NotificationController.swift in Sources */ = {isa = PBXBuildFile; fileRef = 47CF53561AC1FAE60025577C /* NotificationController.swift */; };
		47CF53591AC1FB040025577C /* StartupController.swift in Sources */ = {isa = PBXBuildFile; fileRef = 47CF53581AC1FB040025577C /* StartupController.swift */; };
		47CF535D1AC1FCCF0025577C /* DownloadController.swift in Sources */ = {isa = PBXBuildFile; fileRef = 47CF535C1AC1FCCF0025577C /* DownloadController.swift */; };
		47CF535F1AC201620025577C /* AppKeys.plist in Resources */ = {isa = PBXBuildFile; fileRef = 47CF535E1AC201620025577C /* AppKeys.plist */; };
		47CF53631AC2BD760025577C /* StatusItem.xib in Resources */ = {isa = PBXBuildFile; fileRef = 47CF53621AC2BD760025577C /* StatusItem.xib */; };
		47FDC7AA1AC5E01B00A5E785 /* Images.xcassets in Resources */ = {isa = PBXBuildFile; fileRef = 47FDC7A91AC5E01B00A5E785 /* Images.xcassets */; };
/* End PBXBuildFile section */

/* Begin PBXContainerItemProxy section */
		47CF53431AC1F54E0025577C /* PBXContainerItemProxy */ = {
			isa = PBXContainerItemProxy;
			containerPortal = 47CF532A1AC1F54E0025577C /* Project object */;
			proxyType = 1;
			remoteGlobalIDString = 47CF53311AC1F54E0025577C;
			remoteInfo = Wallpiper;
		};
/* End PBXContainerItemProxy section */

/* Begin PBXCopyFilesBuildPhase section */
		4725FB3D1AD321EA00C7BCEC /* Embed Frameworks */ = {
			isa = PBXCopyFilesBuildPhase;
			buildActionMask = 2147483647;
			dstPath = "";
			dstSubfolderSpec = 10;
			files = (
				4725FB431AD3245600C7BCEC /* Sparkle.framework in Embed Frameworks */,
			);
			name = "Embed Frameworks";
			runOnlyForDeploymentPostprocessing = 0;
		};
/* End PBXCopyFilesBuildPhase section */

/* Begin PBXFileReference section */
		4725FB401AD3243E00C7BCEC /* Sparkle.framework */ = {isa = PBXFileReference; lastKnownFileType = wrapper.framework; name = Sparkle.framework; path = Wallpiper/Frameworks/Sparkle.framework; sourceTree = "<group>"; };
		4725FB441AD328B700C7BCEC /* dsa_pub.pem */ = {isa = PBXFileReference; fileEncoding = 4; lastKnownFileType = text; name = dsa_pub.pem; path = Resources/dsa_pub.pem; sourceTree = "<group>"; };
		47493F071AC446FF0054A819 /* LatestPopoverController.swift */ = {isa = PBXFileReference; fileEncoding = 4; lastKnownFileType = sourcecode.swift; name = LatestPopoverController.swift; path = Classes/LatestPopoverController.swift; sourceTree = "<group>"; };
		47493F091AC447200054A819 /* LatestPopover.xib */ = {isa = PBXFileReference; fileEncoding = 4; lastKnownFileType = file.xib; name = LatestPopover.xib; path = Resources/LatestPopover.xib; sourceTree = "<group>"; };
		479B6F671AC437400061AA4F /* AboutWindowController.swift */ = {isa = PBXFileReference; fileEncoding = 4; lastKnownFileType = sourcecode.swift; name = AboutWindowController.swift; path = Classes/AboutWindowController.swift; sourceTree = "<group>"; };
		479B6F681AC437400061AA4F /* AboutWindow.xib */ = {isa = PBXFileReference; fileEncoding = 4; lastKnownFileType = file.xib; name = AboutWindow.xib; path = Resources/AboutWindow.xib; sourceTree = "<group>"; };
		47B732401AF6968E00EAA3F6 /* SwiftyJSON.swift */ = {isa = PBXFileReference; fileEncoding = 4; lastKnownFileType = sourcecode.swift; path = SwiftyJSON.swift; sourceTree = "<group>"; };
		47CF53321AC1F54E0025577C /* Wallpiper.app */ = {isa = PBXFileReference; explicitFileType = wrapper.application; includeInIndex = 0; path = Wallpiper.app; sourceTree = BUILT_PRODUCTS_DIR; };
		47CF53361AC1F54E0025577C /* Info.plist */ = {isa = PBXFileReference; lastKnownFileType = text.plist.xml; path = Info.plist; sourceTree = "<group>"; };
		47CF53371AC1F54E0025577C /* AppDelegate.swift */ = {isa = PBXFileReference; lastKnownFileType = sourcecode.swift; name = AppDelegate.swift; path = Classes/AppDelegate.swift; sourceTree = "<group>"; };
		47CF533C1AC1F54E0025577C /* Base */ = {isa = PBXFileReference; lastKnownFileType = file.xib; name = Base; path = Base.lproj/MainMenu.xib; sourceTree = "<group>"; };
		47CF53421AC1F54E0025577C /* WallpiperTests.xctest */ = {isa = PBXFileReference; explicitFileType = wrapper.cfbundle; includeInIndex = 0; path = WallpiperTests.xctest; sourceTree = BUILT_PRODUCTS_DIR; };
		47CF53471AC1F54E0025577C /* Info.plist */ = {isa = PBXFileReference; lastKnownFileType = text.plist.xml; path = Info.plist; sourceTree = "<group>"; };
		47CF53481AC1F54E0025577C /* WallpiperTests.swift */ = {isa = PBXFileReference; lastKnownFileType = sourcecode.swift; path = WallpiperTests.swift; sourceTree = "<group>"; };
		47CF53521AC1F6050025577C /* StatusItemDelegate.swift */ = {isa = PBXFileReference; fileEncoding = 4; lastKnownFileType = sourcecode.swift; name = StatusItemDelegate.swift; path = Classes/StatusItemDelegate.swift; sourceTree = "<group>"; };
		47CF53541AC1F9060025577C /* Globals.swift */ = {isa = PBXFileReference; fileEncoding = 4; lastKnownFileType = sourcecode.swift; name = Globals.swift; path = Classes/Globals.swift; sourceTree = "<group>"; };
		47CF53561AC1FAE60025577C /* NotificationController.swift */ = {isa = PBXFileReference; fileEncoding = 4; lastKnownFileType = sourcecode.swift; name = NotificationController.swift; path = Classes/NotificationController.swift; sourceTree = "<group>"; };
		47CF53581AC1FB040025577C /* StartupController.swift */ = {isa = PBXFileReference; fileEncoding = 4; lastKnownFileType = sourcecode.swift; name = StartupController.swift; path = Classes/StartupController.swift; sourceTree = "<group>"; };
		47CF535C1AC1FCCF0025577C /* DownloadController.swift */ = {isa = PBXFileReference; fileEncoding = 4; lastKnownFileType = sourcecode.swift; name = DownloadController.swift; path = Classes/DownloadController.swift; sourceTree = "<group>"; };
		47CF535E1AC201620025577C /* AppKeys.plist */ = {isa = PBXFileReference; fileEncoding = 4; lastKnownFileType = text.plist.xml; name = AppKeys.plist; path = Resources/AppKeys.plist; sourceTree = "<group>"; };
		47CF53621AC2BD760025577C /* StatusItem.xib */ = {isa = PBXFileReference; fileEncoding = 4; lastKnownFileType = file.xib; name = StatusItem.xib; path = Resources/StatusItem.xib; sourceTree = "<group>"; };
		47FDC7A91AC5E01B00A5E785 /* Images.xcassets */ = {isa = PBXFileReference; lastKnownFileType = folder.assetcatalog; name = Images.xcassets; path = Resources/Images.xcassets; sourceTree = "<group>"; };
/* End PBXFileReference section */

/* Begin PBXFrameworksBuildPhase section */
		47CF532F1AC1F54E0025577C /* Frameworks */ = {
			isa = PBXFrameworksBuildPhase;
			buildActionMask = 2147483647;
			files = (
				4725FB421AD3245600C7BCEC /* Sparkle.framework in Frameworks */,
			);
			runOnlyForDeploymentPostprocessing = 0;
		};
		47CF533F1AC1F54E0025577C /* Frameworks */ = {
			isa = PBXFrameworksBuildPhase;
			buildActionMask = 2147483647;
			files = (
			);
			runOnlyForDeploymentPostprocessing = 0;
		};
/* End PBXFrameworksBuildPhase section */

/* Begin PBXGroup section */
		472443AA1AC2CB3B00EA7A70 /* Resources */ = {
			isa = PBXGroup;
			children = (
				4725FB441AD328B700C7BCEC /* dsa_pub.pem */,
				47CF535E1AC201620025577C /* AppKeys.plist */,
				47CF53361AC1F54E0025577C /* Info.plist */,
				479B6F681AC437400061AA4F /* AboutWindow.xib */,
				47493F091AC447200054A819 /* LatestPopover.xib */,
				47FDC7A91AC5E01B00A5E785 /* Images.xcassets */,
				47CF533B1AC1F54E0025577C /* MainMenu.xib */,
				47CF53621AC2BD760025577C /* StatusItem.xib */,
			);
			name = Resources;
			sourceTree = "<group>";
		};
		472443AB1AC2CB7A00EA7A70 /* Classes */ = {
			isa = PBXGroup;
			children = (
				479B6F671AC437400061AA4F /* AboutWindowController.swift */,
				47CF53371AC1F54E0025577C /* AppDelegate.swift */,
				47CF535C1AC1FCCF0025577C /* DownloadController.swift */,
				47CF53541AC1F9060025577C /* Globals.swift */,
				47493F071AC446FF0054A819 /* LatestPopoverController.swift */,
				47CF53561AC1FAE60025577C /* NotificationController.swift */,
				47CF53581AC1FB040025577C /* StartupController.swift */,
				47CF53521AC1F6050025577C /* StatusItemDelegate.swift */,
				47B732401AF6968E00EAA3F6 /* SwiftyJSON.swift */,
			);
			name = Classes;
			sourceTree = "<group>";
		};
		4725FB351AD3203D00C7BCEC /* Dependencies */ = {
			isa = PBXGroup;
			children = (
				4725FB401AD3243E00C7BCEC /* Sparkle.framework */,
			);
			name = Dependencies;
			path = ..;
			sourceTree = "<group>";
		};
		47CF53291AC1F54E0025577C = {
			isa = PBXGroup;
			children = (
				47CF53341AC1F54E0025577C /* Wallpiper */,
				47CF53451AC1F54E0025577C /* WallpiperTests */,
				47CF53331AC1F54E0025577C /* Products */,
			);
			sourceTree = "<group>";
		};
		47CF53331AC1F54E0025577C /* Products */ = {
			isa = PBXGroup;
			children = (
				47CF53321AC1F54E0025577C /* Wallpiper.app */,
				47CF53421AC1F54E0025577C /* WallpiperTests.xctest */,
			);
			name = Products;
			sourceTree = "<group>";
		};
		47CF53341AC1F54E0025577C /* Wallpiper */ = {
			isa = PBXGroup;
			children = (
				4725FB351AD3203D00C7BCEC /* Dependencies */,
				472443AB1AC2CB7A00EA7A70 /* Classes */,
				472443AA1AC2CB3B00EA7A70 /* Resources */,
			);
			path = Wallpiper;
			sourceTree = "<group>";
		};
		47CF53451AC1F54E0025577C /* WallpiperTests */ = {
			isa = PBXGroup;
			children = (
				47CF53481AC1F54E0025577C /* WallpiperTests.swift */,
				47CF53461AC1F54E0025577C /* Supporting Files */,
			);
			path = WallpiperTests;
			sourceTree = "<group>";
		};
		47CF53461AC1F54E0025577C /* Supporting Files */ = {
			isa = PBXGroup;
			children = (
				47CF53471AC1F54E0025577C /* Info.plist */,
			);
			name = "Supporting Files";
			sourceTree = "<group>";
		};
/* End PBXGroup section */

/* Begin PBXNativeTarget section */
		47CF53311AC1F54E0025577C /* Wallpiper */ = {
			isa = PBXNativeTarget;
			buildConfigurationList = 47CF534C1AC1F54E0025577C /* Build configuration list for PBXNativeTarget "Wallpiper" */;
			buildPhases = (
				47CF532E1AC1F54E0025577C /* Sources */,
				47CF532F1AC1F54E0025577C /* Frameworks */,
				47CF53301AC1F54E0025577C /* Resources */,
				4725FB3D1AD321EA00C7BCEC /* Embed Frameworks */,
			);
			buildRules = (
			);
			dependencies = (
			);
			name = Wallpiper;
			productName = Wallpiper;
			productReference = 47CF53321AC1F54E0025577C /* Wallpiper.app */;
			productType = "com.apple.product-type.application";
		};
		47CF53411AC1F54E0025577C /* WallpiperTests */ = {
			isa = PBXNativeTarget;
			buildConfigurationList = 47CF534F1AC1F54E0025577C /* Build configuration list for PBXNativeTarget "WallpiperTests" */;
			buildPhases = (
				47CF533E1AC1F54E0025577C /* Sources */,
				47CF533F1AC1F54E0025577C /* Frameworks */,
				47CF53401AC1F54E0025577C /* Resources */,
			);
			buildRules = (
			);
			dependencies = (
				47CF53441AC1F54E0025577C /* PBXTargetDependency */,
			);
			name = WallpiperTests;
			productName = WallpiperTests;
			productReference = 47CF53421AC1F54E0025577C /* WallpiperTests.xctest */;
			productType = "com.apple.product-type.bundle.unit-test";
		};
/* End PBXNativeTarget section */

/* Begin PBXProject section */
		47CF532A1AC1F54E0025577C /* Project object */ = {
			isa = PBXProject;
			attributes = {
				LastUpgradeCheck = 0620;
				ORGANIZATIONNAME = "Tassilo Selover-Stephan";
				TargetAttributes = {
					47CF53311AC1F54E0025577C = {
						CreatedOnToolsVersion = 6.2;
					};
					47CF53411AC1F54E0025577C = {
						CreatedOnToolsVersion = 6.2;
						TestTargetID = 47CF53311AC1F54E0025577C;
					};
				};
			};
			buildConfigurationList = 47CF532D1AC1F54E0025577C /* Build configuration list for PBXProject "Wallpiper" */;
			compatibilityVersion = "Xcode 3.2";
			developmentRegion = English;
			hasScannedForEncodings = 0;
			knownRegions = (
				en,
				Base,
			);
			mainGroup = 47CF53291AC1F54E0025577C;
			productRefGroup = 47CF53331AC1F54E0025577C /* Products */;
			projectDirPath = "";
			projectRoot = "";
			targets = (
				47CF53311AC1F54E0025577C /* Wallpiper */,
				47CF53411AC1F54E0025577C /* WallpiperTests */,
			);
		};
/* End PBXProject section */

/* Begin PBXResourcesBuildPhase section */
		47CF53301AC1F54E0025577C /* Resources */ = {
			isa = PBXResourcesBuildPhase;
			buildActionMask = 2147483647;
			files = (
				4725FB451AD328B700C7BCEC /* dsa_pub.pem in Resources */,
				47CF535F1AC201620025577C /* AppKeys.plist in Resources */,
				47CF53631AC2BD760025577C /* StatusItem.xib in Resources */,
				479B6F6A1AC437400061AA4F /* AboutWindow.xib in Resources */,
				47FDC7AA1AC5E01B00A5E785 /* Images.xcassets in Resources */,
				47493F0A1AC447200054A819 /* LatestPopover.xib in Resources */,
				47CF533D1AC1F54E0025577C /* MainMenu.xib in Resources */,
			);
			runOnlyForDeploymentPostprocessing = 0;
		};
		47CF53401AC1F54E0025577C /* Resources */ = {
			isa = PBXResourcesBuildPhase;
			buildActionMask = 2147483647;
			files = (
			);
			runOnlyForDeploymentPostprocessing = 0;
		};
/* End PBXResourcesBuildPhase section */

/* Begin PBXSourcesBuildPhase section */
		47CF532E1AC1F54E0025577C /* Sources */ = {
			isa = PBXSourcesBuildPhase;
			buildActionMask = 2147483647;
			files = (
				47CF53381AC1F54E0025577C /* AppDelegate.swift in Sources */,
				47CF53591AC1FB040025577C /* StartupController.swift in Sources */,
				47CF53531AC1F6050025577C /* StatusItemDelegate.swift in Sources */,
				47CF535D1AC1FCCF0025577C /* DownloadController.swift in Sources */,
				47CF53571AC1FAE60025577C /* NotificationController.swift in Sources */,
				47493F081AC446FF0054A819 /* LatestPopoverController.swift in Sources */,
				47B732411AF6968E00EAA3F6 /* SwiftyJSON.swift in Sources */,
				479B6F691AC437400061AA4F /* AboutWindowController.swift in Sources */,
				47CF53551AC1F9060025577C /* Globals.swift in Sources */,
			);
			runOnlyForDeploymentPostprocessing = 0;
		};
		47CF533E1AC1F54E0025577C /* Sources */ = {
			isa = PBXSourcesBuildPhase;
			buildActionMask = 2147483647;
			files = (
				47CF53491AC1F54E0025577C /* WallpiperTests.swift in Sources */,
			);
			runOnlyForDeploymentPostprocessing = 0;
		};
/* End PBXSourcesBuildPhase section */

/* Begin PBXTargetDependency section */
		47CF53441AC1F54E0025577C /* PBXTargetDependency */ = {
			isa = PBXTargetDependency;
			target = 47CF53311AC1F54E0025577C /* Wallpiper */;
			targetProxy = 47CF53431AC1F54E0025577C /* PBXContainerItemProxy */;
		};
/* End PBXTargetDependency section */

/* Begin PBXVariantGroup section */
		47CF533B1AC1F54E0025577C /* MainMenu.xib */ = {
			isa = PBXVariantGroup;
			children = (
				47CF533C1AC1F54E0025577C /* Base */,
			);
			name = MainMenu.xib;
			sourceTree = "<group>";
		};
/* End PBXVariantGroup section */

/* Begin XCBuildConfiguration section */
		47CF534A1AC1F54E0025577C /* Debug */ = {
			isa = XCBuildConfiguration;
			buildSettings = {
				ALWAYS_SEARCH_USER_PATHS = NO;
				CLANG_CXX_LANGUAGE_STANDARD = "gnu++0x";
				CLANG_CXX_LIBRARY = "libc++";
				CLANG_ENABLE_MODULES = YES;
				CLANG_ENABLE_OBJC_ARC = YES;
				CLANG_WARN_BOOL_CONVERSION = YES;
				CLANG_WARN_CONSTANT_CONVERSION = YES;
				CLANG_WARN_DIRECT_OBJC_ISA_USAGE = YES_ERROR;
				CLANG_WARN_EMPTY_BODY = YES;
				CLANG_WARN_ENUM_CONVERSION = YES;
				CLANG_WARN_INT_CONVERSION = YES;
				CLANG_WARN_OBJC_ROOT_CLASS = YES_ERROR;
				CLANG_WARN_UNREACHABLE_CODE = YES;
				CLANG_WARN__DUPLICATE_METHOD_MATCH = YES;
				CODE_SIGN_IDENTITY = "-";
				COPY_PHASE_STRIP = NO;
				ENABLE_STRICT_OBJC_MSGSEND = YES;
				GCC_C_LANGUAGE_STANDARD = gnu99;
				GCC_DYNAMIC_NO_PIC = NO;
				GCC_OPTIMIZATION_LEVEL = 0;
				GCC_PREPROCESSOR_DEFINITIONS = (
					"DEBUG=1",
					"$(inherited)",
				);
				GCC_SYMBOLS_PRIVATE_EXTERN = NO;
				GCC_WARN_64_TO_32_BIT_CONVERSION = YES;
				GCC_WARN_ABOUT_RETURN_TYPE = YES_ERROR;
				GCC_WARN_UNDECLARED_SELECTOR = YES;
				GCC_WARN_UNINITIALIZED_AUTOS = YES_AGGRESSIVE;
				GCC_WARN_UNUSED_FUNCTION = YES;
				GCC_WARN_UNUSED_VARIABLE = YES;
				MACOSX_DEPLOYMENT_TARGET = 10.10;
				MTL_ENABLE_DEBUG_INFO = YES;
				ONLY_ACTIVE_ARCH = YES;
				SDKROOT = macosx;
				SWIFT_OPTIMIZATION_LEVEL = "-Onone";
			};
			name = Debug;
		};
		47CF534B1AC1F54E0025577C /* Release */ = {
			isa = XCBuildConfiguration;
			buildSettings = {
				ALWAYS_SEARCH_USER_PATHS = NO;
				CLANG_CXX_LANGUAGE_STANDARD = "gnu++0x";
				CLANG_CXX_LIBRARY = "libc++";
				CLANG_ENABLE_MODULES = YES;
				CLANG_ENABLE_OBJC_ARC = YES;
				CLANG_WARN_BOOL_CONVERSION = YES;
				CLANG_WARN_CONSTANT_CONVERSION = YES;
				CLANG_WARN_DIRECT_OBJC_ISA_USAGE = YES_ERROR;
				CLANG_WARN_EMPTY_BODY = YES;
				CLANG_WARN_ENUM_CONVERSION = YES;
				CLANG_WARN_INT_CONVERSION = YES;
				CLANG_WARN_OBJC_ROOT_CLASS = YES_ERROR;
				CLANG_WARN_UNREACHABLE_CODE = YES;
				CLANG_WARN__DUPLICATE_METHOD_MATCH = YES;
				CODE_SIGN_IDENTITY = "-";
				COPY_PHASE_STRIP = NO;
				DEBUG_INFORMATION_FORMAT = "dwarf-with-dsym";
				ENABLE_NS_ASSERTIONS = NO;
				ENABLE_STRICT_OBJC_MSGSEND = YES;
				GCC_C_LANGUAGE_STANDARD = gnu99;
				GCC_WARN_64_TO_32_BIT_CONVERSION = YES;
				GCC_WARN_ABOUT_RETURN_TYPE = YES_ERROR;
				GCC_WARN_UNDECLARED_SELECTOR = YES;
				GCC_WARN_UNINITIALIZED_AUTOS = YES_AGGRESSIVE;
				GCC_WARN_UNUSED_FUNCTION = YES;
				GCC_WARN_UNUSED_VARIABLE = YES;
				MACOSX_DEPLOYMENT_TARGET = 10.10;
				MTL_ENABLE_DEBUG_INFO = NO;
				SDKROOT = macosx;
			};
			name = Release;
		};
		47CF534D1AC1F54E0025577C /* Debug */ = {
			isa = XCBuildConfiguration;
			buildSettings = {
				ASSETCATALOG_COMPILER_APPICON_NAME = AppIcon;
				COMBINE_HIDPI_IMAGES = YES;
				FRAMEWORK_SEARCH_PATHS = (
					"$(inherited)",
					"$(PROJECT_DIR)",
					"$(PROJECT_DIR)/Wallpiper/Frameworks",
				);
				INFOPLIST_FILE = Wallpiper/Info.plist;
				LD_RUNPATH_SEARCH_PATHS = "$(inherited) @executable_path/../Frameworks";
				PRODUCT_NAME = "$(TARGET_NAME)";
			};
			name = Debug;
		};
		47CF534E1AC1F54E0025577C /* Release */ = {
			isa = XCBuildConfiguration;
			buildSettings = {
				ASSETCATALOG_COMPILER_APPICON_NAME = AppIcon;
				COMBINE_HIDPI_IMAGES = YES;
				FRAMEWORK_SEARCH_PATHS = (
					"$(inherited)",
					"$(PROJECT_DIR)",
					"$(PROJECT_DIR)/Wallpiper/Frameworks",
				);
				INFOPLIST_FILE = Wallpiper/Info.plist;
				LD_RUNPATH_SEARCH_PATHS = "$(inherited) @executable_path/../Frameworks";
				PRODUCT_NAME = "$(TARGET_NAME)";
			};
			name = Release;
		};
		47CF53501AC1F54E0025577C /* Debug */ = {
			isa = XCBuildConfiguration;
			buildSettings = {
				BUNDLE_LOADER = "$(TEST_HOST)";
				COMBINE_HIDPI_IMAGES = YES;
				FRAMEWORK_SEARCH_PATHS = (
					"$(DEVELOPER_FRAMEWORKS_DIR)",
					"$(inherited)",
				);
				GCC_PREPROCESSOR_DEFINITIONS = (
					"DEBUG=1",
					"$(inherited)",
				);
				INFOPLIST_FILE = WallpiperTests/Info.plist;
				LD_RUNPATH_SEARCH_PATHS = "$(inherited) @executable_path/../Frameworks @loader_path/../Frameworks";
				PRODUCT_NAME = "$(TARGET_NAME)";
				TEST_HOST = "$(BUILT_PRODUCTS_DIR)/Wallpiper.app/Contents/MacOS/Wallpiper";
			};
			name = Debug;
		};
		47CF53511AC1F54E0025577C /* Release */ = {
			isa = XCBuildConfiguration;
			buildSettings = {
				BUNDLE_LOADER = "$(TEST_HOST)";
				COMBINE_HIDPI_IMAGES = YES;
				FRAMEWORK_SEARCH_PATHS = (
					"$(DEVELOPER_FRAMEWORKS_DIR)",
					"$(inherited)",
				);
				INFOPLIST_FILE = WallpiperTests/Info.plist;
				LD_RUNPATH_SEARCH_PATHS = "$(inherited) @executable_path/../Frameworks @loader_path/../Frameworks";
				PRODUCT_NAME = "$(TARGET_NAME)";
				TEST_HOST = "$(BUILT_PRODUCTS_DIR)/Wallpiper.app/Contents/MacOS/Wallpiper";
			};
			name = Release;
		};
/* End XCBuildConfiguration section */

/* Begin XCConfigurationList section */
		47CF532D1AC1F54E0025577C /* Build configuration list for PBXProject "Wallpiper" */ = {
			isa = XCConfigurationList;
			buildConfigurations = (
				47CF534A1AC1F54E0025577C /* Debug */,
				47CF534B1AC1F54E0025577C /* Release */,
			);
			defaultConfigurationIsVisible = 0;
			defaultConfigurationName = Release;
		};
		47CF534C1AC1F54E0025577C /* Build configuration list for PBXNativeTarget "Wallpiper" */ = {
			isa = XCConfigurationList;
			buildConfigurations = (
				47CF534D1AC1F54E0025577C /* Debug */,
				47CF534E1AC1F54E0025577C /* Release */,
			);
			defaultConfigurationIsVisible = 0;
			defaultConfigurationName = Release;
		};
		47CF534F1AC1F54E0025577C /* Build configuration list for PBXNativeTarget "WallpiperTests" */ = {
			isa = XCConfigurationList;
			buildConfigurations = (
				47CF53501AC1F54E0025577C /* Debug */,
				47CF53511AC1F54E0025577C /* Release */,
			);
			defaultConfigurationIsVisible = 0;
			defaultConfigurationName = Release;
		};
/* End XCConfigurationList section */
	};
	rootObject = 47CF532A1AC1F54E0025577C /* Project object */;
}
