// !$*UTF8*$!
{
	archiveVersion = 1;
	classes = {
	};
	objectVersion = 46;
	objects = {

/* Begin PBXBuildFile section */
		470D0F7D19F8165800015DE2 /* AppDelegate.swift in Sources */ = {isa = PBXBuildFile; fileRef = 470D0F7C19F8165800015DE2 /* AppDelegate.swift */; };
		470D0F7F19F8165800015DE2 /* Images.xcassets in Resources */ = {isa = PBXBuildFile; fileRef = 470D0F7E19F8165800015DE2 /* Images.xcassets */; };
		470D0F8219F8165800015DE2 /* MainMenu.xib in Resources */ = {isa = PBXBuildFile; fileRef = 470D0F8019F8165800015DE2 /* MainMenu.xib */; };
		470D0F8E19F8165800015DE2 /* WallpiperTests.swift in Sources */ = {isa = PBXBuildFile; fileRef = 470D0F8D19F8165800015DE2 /* WallpiperTests.swift */; };
		470D0F9819F8168000015DE2 /* DownloadController.swift in Sources */ = {isa = PBXBuildFile; fileRef = 470D0F9719F8168000015DE2 /* DownloadController.swift */; };
		470D0F9B19F8168700015DE2 /* Globals.swift in Sources */ = {isa = PBXBuildFile; fileRef = 470D0F9919F8168700015DE2 /* Globals.swift */; };
		470D0F9C19F8168700015DE2 /* TimerController.swift in Sources */ = {isa = PBXBuildFile; fileRef = 470D0F9A19F8168700015DE2 /* TimerController.swift */; };
		471D5C531A21136A00B5E6F5 /* AboutWindowController.swift in Sources */ = {isa = PBXBuildFile; fileRef = 471D5C511A21136A00B5E6F5 /* AboutWindowController.swift */; };
		471D5C541A21136A00B5E6F5 /* AboutWindow.xib in Resources */ = {isa = PBXBuildFile; fileRef = 471D5C521A21136A00B5E6F5 /* AboutWindow.xib */; };
		475A3BC21A06D155008AF67F /* SettingsWindowController.swift in Sources */ = {isa = PBXBuildFile; fileRef = 475A3BC01A06D155008AF67F /* SettingsWindowController.swift */; };
		475A3BC31A06D155008AF67F /* SettingsWindow.xib in Resources */ = {isa = PBXBuildFile; fileRef = 475A3BC11A06D155008AF67F /* SettingsWindow.xib */; };
		4779543D1A18A33600043B72 /* StartupController.swift in Sources */ = {isa = PBXBuildFile; fileRef = 4779543C1A18A33600043B72 /* StartupController.swift */; };
		4779543F1A18A62E00043B72 /* NotificationController.swift in Sources */ = {isa = PBXBuildFile; fileRef = 4779543E1A18A62E00043B72 /* NotificationController.swift */; };
		47C89FB61A712EF600793490 /* AppKit.framework in Frameworks */ = {isa = PBXBuildFile; fileRef = 47C89FB51A712EF600793490 /* AppKit.framework */; };
		47C89FB71A712F7900793490 /* Sparkle.framework in Frameworks */ = {isa = PBXBuildFile; fileRef = 47C89FB31A712E6800793490 /* Sparkle.framework */; };
		47C89FB91A712FAD00793490 /* Sparkle.framework in Embed Frameworks */ = {isa = PBXBuildFile; fileRef = 47C89FB31A712E6800793490 /* Sparkle.framework */; settings = {ATTRIBUTES = (CodeSignOnCopy, RemoveHeadersOnCopy, ); }; };
		47C89FBC1A71350000793490 /* AppKeys.plist in Resources */ = {isa = PBXBuildFile; fileRef = 47C89FBA1A71350000793490 /* AppKeys.plist */; };
		47C89FBD1A71350000793490 /* dsa_pub.pem in Resources */ = {isa = PBXBuildFile; fileRef = 47C89FBB1A71350000793490 /* dsa_pub.pem */; };
		47D593AD1A18ECD6008FC47F /* SwiftyJSON.swift in Sources */ = {isa = PBXBuildFile; fileRef = 47D593AC1A18ECD6008FC47F /* SwiftyJSON.swift */; };
/* End PBXBuildFile section */

/* Begin PBXContainerItemProxy section */
		470D0F8819F8165800015DE2 /* PBXContainerItemProxy */ = {
			isa = PBXContainerItemProxy;
			containerPortal = 470D0F6F19F8165800015DE2 /* Project object */;
			proxyType = 1;
			remoteGlobalIDString = 470D0F7619F8165800015DE2;
			remoteInfo = Wallpiper;
		};
/* End PBXContainerItemProxy section */

/* Begin PBXCopyFilesBuildPhase section */
		47C89FB81A712F9600793490 /* Embed Frameworks */ = {
			isa = PBXCopyFilesBuildPhase;
			buildActionMask = 2147483647;
			dstPath = "";
			dstSubfolderSpec = 10;
			files = (
				47C89FB91A712FAD00793490 /* Sparkle.framework in Embed Frameworks */,
			);
			name = "Embed Frameworks";
			runOnlyForDeploymentPostprocessing = 0;
		};
/* End PBXCopyFilesBuildPhase section */

/* Begin PBXFileReference section */
		470D0F7719F8165800015DE2 /* Wallpiper.app */ = {isa = PBXFileReference; explicitFileType = wrapper.application; includeInIndex = 0; path = Wallpiper.app; sourceTree = BUILT_PRODUCTS_DIR; };
		470D0F7B19F8165800015DE2 /* Info.plist */ = {isa = PBXFileReference; lastKnownFileType = text.plist.xml; path = Info.plist; sourceTree = "<group>"; };
		470D0F7C19F8165800015DE2 /* AppDelegate.swift */ = {isa = PBXFileReference; lastKnownFileType = sourcecode.swift; path = AppDelegate.swift; sourceTree = "<group>"; };
		470D0F7E19F8165800015DE2 /* Images.xcassets */ = {isa = PBXFileReference; lastKnownFileType = folder.assetcatalog; path = Images.xcassets; sourceTree = "<group>"; };
		470D0F8119F8165800015DE2 /* Base */ = {isa = PBXFileReference; lastKnownFileType = file.xib; name = Base; path = Base.lproj/MainMenu.xib; sourceTree = "<group>"; };
		470D0F8719F8165800015DE2 /* WallpiperTests.xctest */ = {isa = PBXFileReference; explicitFileType = wrapper.cfbundle; includeInIndex = 0; path = WallpiperTests.xctest; sourceTree = BUILT_PRODUCTS_DIR; };
		470D0F8C19F8165800015DE2 /* Info.plist */ = {isa = PBXFileReference; lastKnownFileType = text.plist.xml; path = Info.plist; sourceTree = "<group>"; };
		470D0F8D19F8165800015DE2 /* WallpiperTests.swift */ = {isa = PBXFileReference; lastKnownFileType = sourcecode.swift; path = WallpiperTests.swift; sourceTree = "<group>"; };
		470D0F9719F8168000015DE2 /* DownloadController.swift */ = {isa = PBXFileReference; fileEncoding = 4; lastKnownFileType = sourcecode.swift; path = DownloadController.swift; sourceTree = "<group>"; };
		470D0F9919F8168700015DE2 /* Globals.swift */ = {isa = PBXFileReference; fileEncoding = 4; lastKnownFileType = sourcecode.swift; path = Globals.swift; sourceTree = "<group>"; };
		470D0F9A19F8168700015DE2 /* TimerController.swift */ = {isa = PBXFileReference; fileEncoding = 4; lastKnownFileType = sourcecode.swift; path = TimerController.swift; sourceTree = "<group>"; };
		471D5C511A21136A00B5E6F5 /* AboutWindowController.swift */ = {isa = PBXFileReference; fileEncoding = 4; lastKnownFileType = sourcecode.swift; path = AboutWindowController.swift; sourceTree = "<group>"; };
		471D5C521A21136A00B5E6F5 /* AboutWindow.xib */ = {isa = PBXFileReference; fileEncoding = 4; lastKnownFileType = file.xib; path = AboutWindow.xib; sourceTree = "<group>"; };
		475A3BC01A06D155008AF67F /* SettingsWindowController.swift */ = {isa = PBXFileReference; fileEncoding = 4; lastKnownFileType = sourcecode.swift; path = SettingsWindowController.swift; sourceTree = "<group>"; };
		475A3BC11A06D155008AF67F /* SettingsWindow.xib */ = {isa = PBXFileReference; fileEncoding = 4; lastKnownFileType = file.xib; path = SettingsWindow.xib; sourceTree = "<group>"; };
		4779543C1A18A33600043B72 /* StartupController.swift */ = {isa = PBXFileReference; fileEncoding = 4; lastKnownFileType = sourcecode.swift; path = StartupController.swift; sourceTree = "<group>"; };
		4779543E1A18A62E00043B72 /* NotificationController.swift */ = {isa = PBXFileReference; fileEncoding = 4; lastKnownFileType = sourcecode.swift; path = NotificationController.swift; sourceTree = "<group>"; };
		47C89FB31A712E6800793490 /* Sparkle.framework */ = {isa = PBXFileReference; lastKnownFileType = wrapper.framework; path = Sparkle.framework; sourceTree = "<group>"; };
		47C89FB51A712EF600793490 /* AppKit.framework */ = {isa = PBXFileReference; lastKnownFileType = wrapper.framework; name = AppKit.framework; path = System/Library/Frameworks/AppKit.framework; sourceTree = SDKROOT; };
		47C89FBA1A71350000793490 /* AppKeys.plist */ = {isa = PBXFileReference; fileEncoding = 4; lastKnownFileType = text.plist.xml; name = AppKeys.plist; path = Resources/AppKeys.plist; sourceTree = "<group>"; };
		47C89FBB1A71350000793490 /* dsa_pub.pem */ = {isa = PBXFileReference; fileEncoding = 4; lastKnownFileType = text; name = dsa_pub.pem; path = Resources/dsa_pub.pem; sourceTree = "<group>"; };
		47D593AC1A18ECD6008FC47F /* SwiftyJSON.swift */ = {isa = PBXFileReference; fileEncoding = 4; lastKnownFileType = sourcecode.swift; path = SwiftyJSON.swift; sourceTree = "<group>"; };
/* End PBXFileReference section */

/* Begin PBXFrameworksBuildPhase section */
		470D0F7419F8165800015DE2 /* Frameworks */ = {
			isa = PBXFrameworksBuildPhase;
			buildActionMask = 2147483647;
			files = (
				47C89FB61A712EF600793490 /* AppKit.framework in Frameworks */,
				47C89FB71A712F7900793490 /* Sparkle.framework in Frameworks */,
			);
			runOnlyForDeploymentPostprocessing = 0;
		};
		470D0F8419F8165800015DE2 /* Frameworks */ = {
			isa = PBXFrameworksBuildPhase;
			buildActionMask = 2147483647;
			files = (
			);
			runOnlyForDeploymentPostprocessing = 0;
		};
/* End PBXFrameworksBuildPhase section */

/* Begin PBXGroup section */
		470D0F6E19F8165800015DE2 = {
			isa = PBXGroup;
			children = (
				470D0F7919F8165800015DE2 /* Wallpiper */,
				470D0F8A19F8165800015DE2 /* WallpiperTests */,
				470D0F7819F8165800015DE2 /* Products */,
			);
			sourceTree = "<group>";
		};
		470D0F7819F8165800015DE2 /* Products */ = {
			isa = PBXGroup;
			children = (
				470D0F7719F8165800015DE2 /* Wallpiper.app */,
				470D0F8719F8165800015DE2 /* WallpiperTests.xctest */,
			);
			name = Products;
			sourceTree = "<group>";
		};
		470D0F7919F8165800015DE2 /* Wallpiper */ = {
			isa = PBXGroup;
			children = (
				47C89FB01A712D5800793490 /* Dependencies */,
				470D0F7C19F8165800015DE2 /* AppDelegate.swift */,
				470D0F9919F8168700015DE2 /* Globals.swift */,
				470D0F9A19F8168700015DE2 /* TimerController.swift */,
				470D0F9719F8168000015DE2 /* DownloadController.swift */,
				475A3BC01A06D155008AF67F /* SettingsWindowController.swift */,
				471D5C511A21136A00B5E6F5 /* AboutWindowController.swift */,
				4779543C1A18A33600043B72 /* StartupController.swift */,
				4779543E1A18A62E00043B72 /* NotificationController.swift */,
				47D593AC1A18ECD6008FC47F /* SwiftyJSON.swift */,
				470D0F7E19F8165800015DE2 /* Images.xcassets */,
				470D0F8019F8165800015DE2 /* MainMenu.xib */,
				475A3BC11A06D155008AF67F /* SettingsWindow.xib */,
				471D5C521A21136A00B5E6F5 /* AboutWindow.xib */,
				470D0F7A19F8165800015DE2 /* Supporting Files */,
			);
			path = Wallpiper;
			sourceTree = "<group>";
		};
		470D0F7A19F8165800015DE2 /* Supporting Files */ = {
			isa = PBXGroup;
			children = (
				47C89FBA1A71350000793490 /* AppKeys.plist */,
				47C89FBB1A71350000793490 /* dsa_pub.pem */,
				470D0F7B19F8165800015DE2 /* Info.plist */,
			);
			name = "Supporting Files";
			sourceTree = "<group>";
		};
		470D0F8A19F8165800015DE2 /* WallpiperTests */ = {
			isa = PBXGroup;
			children = (
				470D0F8D19F8165800015DE2 /* WallpiperTests.swift */,
				470D0F8B19F8165800015DE2 /* Supporting Files */,
			);
			path = WallpiperTests;
			sourceTree = "<group>";
		};
		470D0F8B19F8165800015DE2 /* Supporting Files */ = {
			isa = PBXGroup;
			children = (
				470D0F8C19F8165800015DE2 /* Info.plist */,
			);
			name = "Supporting Files";
			sourceTree = "<group>";
		};
		47C89FB01A712D5800793490 /* Dependencies */ = {
			isa = PBXGroup;
			children = (
				47C89FB51A712EF600793490 /* AppKit.framework */,
				47C89FB31A712E6800793490 /* Sparkle.framework */,
			);
			path = Dependencies;
			sourceTree = "<group>";
		};
/* End PBXGroup section */

/* Begin PBXNativeTarget section */
		470D0F7619F8165800015DE2 /* Wallpiper */ = {
			isa = PBXNativeTarget;
			buildConfigurationList = 470D0F9119F8165800015DE2 /* Build configuration list for PBXNativeTarget "Wallpiper" */;
			buildPhases = (
				470D0F7319F8165800015DE2 /* Sources */,
				470D0F7419F8165800015DE2 /* Frameworks */,
				470D0F7519F8165800015DE2 /* Resources */,
				47C89FB81A712F9600793490 /* Embed Frameworks */,
			);
			buildRules = (
			);
			dependencies = (
			);
			name = Wallpiper;
			productName = Wallpiper;
			productReference = 470D0F7719F8165800015DE2 /* Wallpiper.app */;
			productType = "com.apple.product-type.application";
		};
		470D0F8619F8165800015DE2 /* WallpiperTests */ = {
			isa = PBXNativeTarget;
			buildConfigurationList = 470D0F9419F8165800015DE2 /* Build configuration list for PBXNativeTarget "WallpiperTests" */;
			buildPhases = (
				470D0F8319F8165800015DE2 /* Sources */,
				470D0F8419F8165800015DE2 /* Frameworks */,
				470D0F8519F8165800015DE2 /* Resources */,
			);
			buildRules = (
			);
			dependencies = (
				470D0F8919F8165800015DE2 /* PBXTargetDependency */,
			);
			name = WallpiperTests;
			productName = WallpiperTests;
			productReference = 470D0F8719F8165800015DE2 /* WallpiperTests.xctest */;
			productType = "com.apple.product-type.bundle.unit-test";
		};
/* End PBXNativeTarget section */

/* Begin PBXProject section */
		470D0F6F19F8165800015DE2 /* Project object */ = {
			isa = PBXProject;
			attributes = {
				LastUpgradeCheck = 0610;
				ORGANIZATIONNAME = "Tassilo Selover-Stephan";
				TargetAttributes = {
					470D0F7619F8165800015DE2 = {
						CreatedOnToolsVersion = 6.1;
					};
					470D0F8619F8165800015DE2 = {
						CreatedOnToolsVersion = 6.1;
						TestTargetID = 470D0F7619F8165800015DE2;
					};
				};
			};
			buildConfigurationList = 470D0F7219F8165800015DE2 /* Build configuration list for PBXProject "Wallpiper" */;
			compatibilityVersion = "Xcode 3.2";
			developmentRegion = English;
			hasScannedForEncodings = 0;
			knownRegions = (
				en,
				Base,
			);
			mainGroup = 470D0F6E19F8165800015DE2;
			productRefGroup = 470D0F7819F8165800015DE2 /* Products */;
			projectDirPath = "";
			projectRoot = "";
			targets = (
				470D0F7619F8165800015DE2 /* Wallpiper */,
				470D0F8619F8165800015DE2 /* WallpiperTests */,
			);
		};
/* End PBXProject section */

/* Begin PBXResourcesBuildPhase section */
		470D0F7519F8165800015DE2 /* Resources */ = {
			isa = PBXResourcesBuildPhase;
			buildActionMask = 2147483647;
			files = (
				470D0F7F19F8165800015DE2 /* Images.xcassets in Resources */,
				47C89FBD1A71350000793490 /* dsa_pub.pem in Resources */,
				471D5C541A21136A00B5E6F5 /* AboutWindow.xib in Resources */,
				475A3BC31A06D155008AF67F /* SettingsWindow.xib in Resources */,
				47C89FBC1A71350000793490 /* AppKeys.plist in Resources */,
				470D0F8219F8165800015DE2 /* MainMenu.xib in Resources */,
			);
			runOnlyForDeploymentPostprocessing = 0;
		};
		470D0F8519F8165800015DE2 /* Resources */ = {
			isa = PBXResourcesBuildPhase;
			buildActionMask = 2147483647;
			files = (
			);
			runOnlyForDeploymentPostprocessing = 0;
		};
/* End PBXResourcesBuildPhase section */

/* Begin PBXSourcesBuildPhase section */
		470D0F7319F8165800015DE2 /* Sources */ = {
			isa = PBXSourcesBuildPhase;
			buildActionMask = 2147483647;
			files = (
				470D0F7D19F8165800015DE2 /* AppDelegate.swift in Sources */,
				4779543D1A18A33600043B72 /* StartupController.swift in Sources */,
				470D0F9C19F8168700015DE2 /* TimerController.swift in Sources */,
				47D593AD1A18ECD6008FC47F /* SwiftyJSON.swift in Sources */,
				4779543F1A18A62E00043B72 /* NotificationController.swift in Sources */,
				470D0F9819F8168000015DE2 /* DownloadController.swift in Sources */,
				471D5C531A21136A00B5E6F5 /* AboutWindowController.swift in Sources */,
				475A3BC21A06D155008AF67F /* SettingsWindowController.swift in Sources */,
				470D0F9B19F8168700015DE2 /* Globals.swift in Sources */,
			);
			runOnlyForDeploymentPostprocessing = 0;
		};
		470D0F8319F8165800015DE2 /* Sources */ = {
			isa = PBXSourcesBuildPhase;
			buildActionMask = 2147483647;
			files = (
				470D0F8E19F8165800015DE2 /* WallpiperTests.swift in Sources */,
			);
			runOnlyForDeploymentPostprocessing = 0;
		};
/* End PBXSourcesBuildPhase section */

/* Begin PBXTargetDependency section */
		470D0F8919F8165800015DE2 /* PBXTargetDependency */ = {
			isa = PBXTargetDependency;
			target = 470D0F7619F8165800015DE2 /* Wallpiper */;
			targetProxy = 470D0F8819F8165800015DE2 /* PBXContainerItemProxy */;
		};
/* End PBXTargetDependency section */

/* Begin PBXVariantGroup section */
		470D0F8019F8165800015DE2 /* MainMenu.xib */ = {
			isa = PBXVariantGroup;
			children = (
				470D0F8119F8165800015DE2 /* Base */,
			);
			name = MainMenu.xib;
			sourceTree = "<group>";
		};
/* End PBXVariantGroup section */

/* Begin XCBuildConfiguration section */
		470D0F8F19F8165800015DE2 /* Debug */ = {
			isa = XCBuildConfiguration;
			buildSettings = {
				ALWAYS_SEARCH_USER_PATHS = NO;
				CLANG_CXX_LANGUAGE_STANDARD = "gnu++0x";
				CLANG_CXX_LIBRARY = "libc++";
				CLANG_ENABLE_MODULES = YES;
				CLANG_ENABLE_OBJC_ARC = YES;
				CLANG_WARN_BOOL_CONVERSION = YES;
				CLANG_WARN_CONSTANT_CONVERSION = YES;
				CLANG_WARN_DIRECT_OBJC_ISA_USAGE = YES_ERROR;
				CLANG_WARN_EMPTY_BODY = YES;
				CLANG_WARN_ENUM_CONVERSION = YES;
				CLANG_WARN_INT_CONVERSION = YES;
				CLANG_WARN_OBJC_ROOT_CLASS = YES_ERROR;
				CLANG_WARN_UNREACHABLE_CODE = YES;
				CLANG_WARN__DUPLICATE_METHOD_MATCH = YES;
				CODE_SIGN_IDENTITY = "-";
				COPY_PHASE_STRIP = NO;
				ENABLE_STRICT_OBJC_MSGSEND = YES;
				GCC_C_LANGUAGE_STANDARD = gnu99;
				GCC_DYNAMIC_NO_PIC = NO;
				GCC_OPTIMIZATION_LEVEL = 0;
				GCC_PREPROCESSOR_DEFINITIONS = (
					"DEBUG=1",
					"$(inherited)",
				);
				GCC_SYMBOLS_PRIVATE_EXTERN = NO;
				GCC_WARN_64_TO_32_BIT_CONVERSION = YES;
				GCC_WARN_ABOUT_RETURN_TYPE = YES_ERROR;
				GCC_WARN_UNDECLARED_SELECTOR = YES;
				GCC_WARN_UNINITIALIZED_AUTOS = YES_AGGRESSIVE;
				GCC_WARN_UNUSED_FUNCTION = YES;
				GCC_WARN_UNUSED_VARIABLE = YES;
				MACOSX_DEPLOYMENT_TARGET = 10.10;
				MTL_ENABLE_DEBUG_INFO = YES;
				ONLY_ACTIVE_ARCH = YES;
				SDKROOT = macosx;
				SWIFT_OPTIMIZATION_LEVEL = "-Onone";
			};
			name = Debug;
		};
		470D0F9019F8165800015DE2 /* Release */ = {
			isa = XCBuildConfiguration;
			buildSettings = {
				ALWAYS_SEARCH_USER_PATHS = NO;
				CLANG_CXX_LANGUAGE_STANDARD = "gnu++0x";
				CLANG_CXX_LIBRARY = "libc++";
				CLANG_ENABLE_MODULES = YES;
				CLANG_ENABLE_OBJC_ARC = YES;
				CLANG_WARN_BOOL_CONVERSION = YES;
				CLANG_WARN_CONSTANT_CONVERSION = YES;
				CLANG_WARN_DIRECT_OBJC_ISA_USAGE = YES_ERROR;
				CLANG_WARN_EMPTY_BODY = YES;
				CLANG_WARN_ENUM_CONVERSION = YES;
				CLANG_WARN_INT_CONVERSION = YES;
				CLANG_WARN_OBJC_ROOT_CLASS = YES_ERROR;
				CLANG_WARN_UNREACHABLE_CODE = YES;
				CLANG_WARN__DUPLICATE_METHOD_MATCH = YES;
				CODE_SIGN_IDENTITY = "-";
				COPY_PHASE_STRIP = YES;
				DEBUG_INFORMATION_FORMAT = "dwarf-with-dsym";
				ENABLE_NS_ASSERTIONS = NO;
				ENABLE_STRICT_OBJC_MSGSEND = YES;
				GCC_C_LANGUAGE_STANDARD = gnu99;
				GCC_WARN_64_TO_32_BIT_CONVERSION = YES;
				GCC_WARN_ABOUT_RETURN_TYPE = YES_ERROR;
				GCC_WARN_UNDECLARED_SELECTOR = YES;
				GCC_WARN_UNINITIALIZED_AUTOS = YES_AGGRESSIVE;
				GCC_WARN_UNUSED_FUNCTION = YES;
				GCC_WARN_UNUSED_VARIABLE = YES;
				MACOSX_DEPLOYMENT_TARGET = 10.10;
				MTL_ENABLE_DEBUG_INFO = NO;
				SDKROOT = macosx;
			};
			name = Release;
		};
		470D0F9219F8165800015DE2 /* Debug */ = {
			isa = XCBuildConfiguration;
			buildSettings = {
				ASSETCATALOG_COMPILER_APPICON_NAME = AppIcon;
				COMBINE_HIDPI_IMAGES = YES;
				FRAMEWORK_SEARCH_PATHS = (
					"$(inherited)",
					"$(PROJECT_DIR)/Wallpiper/Dependencies",
				);
				INFOPLIST_FILE = Wallpiper/Info.plist;
				LD_RUNPATH_SEARCH_PATHS = "$(inherited) @executable_path/../Frameworks";
				MACOSX_DEPLOYMENT_TARGET = 10.10;
				PRODUCT_NAME = "$(TARGET_NAME)";
			};
			name = Debug;
		};
		470D0F9319F8165800015DE2 /* Release */ = {
			isa = XCBuildConfiguration;
			buildSettings = {
				ASSETCATALOG_COMPILER_APPICON_NAME = AppIcon;
				COMBINE_HIDPI_IMAGES = YES;
				FRAMEWORK_SEARCH_PATHS = (
					"$(inherited)",
					"$(PROJECT_DIR)/Wallpiper/Dependencies",
				);
				INFOPLIST_FILE = Wallpiper/Info.plist;
				LD_RUNPATH_SEARCH_PATHS = "$(inherited) @executable_path/../Frameworks";
				MACOSX_DEPLOYMENT_TARGET = 10.10;
				PRODUCT_NAME = "$(TARGET_NAME)";
			};
			name = Release;
		};
		470D0F9519F8165800015DE2 /* Debug */ = {
			isa = XCBuildConfiguration;
			buildSettings = {
				BUNDLE_LOADER = "$(TEST_HOST)";
				COMBINE_HIDPI_IMAGES = YES;
				FRAMEWORK_SEARCH_PATHS = (
					"$(DEVELOPER_FRAMEWORKS_DIR)",
					"$(inherited)",
				);
				GCC_PREPROCESSOR_DEFINITIONS = (
					"DEBUG=1",
					"$(inherited)",
				);
				INFOPLIST_FILE = WallpiperTests/Info.plist;
				LD_RUNPATH_SEARCH_PATHS = "$(inherited) @executable_path/../Frameworks @loader_path/../Frameworks";
				PRODUCT_NAME = "$(TARGET_NAME)";
				TEST_HOST = "$(BUILT_PRODUCTS_DIR)/Wallpiper.app/Contents/MacOS/Wallpiper";
			};
			name = Debug;
		};
		470D0F9619F8165800015DE2 /* Release */ = {
			isa = XCBuildConfiguration;
			buildSettings = {
				BUNDLE_LOADER = "$(TEST_HOST)";
				COMBINE_HIDPI_IMAGES = YES;
				FRAMEWORK_SEARCH_PATHS = (
					"$(DEVELOPER_FRAMEWORKS_DIR)",
					"$(inherited)",
				);
				INFOPLIST_FILE = WallpiperTests/Info.plist;
				LD_RUNPATH_SEARCH_PATHS = "$(inherited) @executable_path/../Frameworks @loader_path/../Frameworks";
				PRODUCT_NAME = "$(TARGET_NAME)";
				TEST_HOST = "$(BUILT_PRODUCTS_DIR)/Wallpiper.app/Contents/MacOS/Wallpiper";
			};
			name = Release;
		};
/* End XCBuildConfiguration section */

/* Begin XCConfigurationList section */
		470D0F7219F8165800015DE2 /* Build configuration list for PBXProject "Wallpiper" */ = {
			isa = XCConfigurationList;
			buildConfigurations = (
				470D0F8F19F8165800015DE2 /* Debug */,
				470D0F9019F8165800015DE2 /* Release */,
			);
			defaultConfigurationIsVisible = 0;
			defaultConfigurationName = Release;
		};
		470D0F9119F8165800015DE2 /* Build configuration list for PBXNativeTarget "Wallpiper" */ = {
			isa = XCConfigurationList;
			buildConfigurations = (
				470D0F9219F8165800015DE2 /* Debug */,
				470D0F9319F8165800015DE2 /* Release */,
			);
			defaultConfigurationIsVisible = 0;
			defaultConfigurationName = Release;
		};
		470D0F9419F8165800015DE2 /* Build configuration list for PBXNativeTarget "WallpiperTests" */ = {
			isa = XCConfigurationList;
			buildConfigurations = (
				470D0F9519F8165800015DE2 /* Debug */,
				470D0F9619F8165800015DE2 /* Release */,
			);
			defaultConfigurationIsVisible = 0;
			defaultConfigurationName = Release;
		};
/* End XCConfigurationList section */
	};
	rootObject = 470D0F6F19F8165800015DE2 /* Project object */;
}
